
Microsoft Visual Studio Solution File, Format Version 12.00
# Visual Studio 15
VisualStudioVersion = 15.0.27703.2035
MinimumVisualStudioVersion = 10.0.40219.1
Project("{2150E333-8FDC-42A3-9474-1A3956D46DE8}") = "1 - Services", "1 - Services", "{7E8CE3FF-6B44-4446-8491-34C793ACA5C9}"
EndProject
Project("{9A19103F-16F7-4668-BE54-9A1E7A4F7556}") = "Esb.WebApi", "Services\Esb.WebApi\Esb.WebApi.csproj", "{3F7EBE00-AC16-4C77-A571-943AF22C22AF}"
EndProject
Project("{2150E333-8FDC-42A3-9474-1A3956D46DE8}") = "2 - Application", "2 - Application", "{9880C781-E1C5-4904-99D2-8DA018199B7E}"
EndProject
Project("{9A19103F-16F7-4668-BE54-9A1E7A4F7556}") = "Application.Services", "Application\Application.Services\Application.Services.csproj", "{D8417B21-BA12-438F-811B-FD21E77E1A8B}"
EndProject
Project("{2150E333-8FDC-42A3-9474-1A3956D46DE8}") = "3 - Infrastructure", "3 - Infrastructure", "{37713FBF-9FEE-4B0A-AF5A-21B40CC3898E}"
EndProject
Project("{FAE04EC0-301F-11D3-BF4B-00C04F79EFBC}") = "Application.Messages", "Application\Application.Messages\Application.Messages.csproj", "{C7876E7D-4E81-4566-9B26-EEA9ED57DBC3}"
EndProject
Project("{FAE04EC0-301F-11D3-BF4B-00C04F79EFBC}") = "Application.ServiceClients", "Application\Application.ServiceClients\Application.ServiceClients.csproj", "{9DFAD8BB-9FD9-4E32-A59D-DF1BEB08F19D}"
EndProject
Project("{2150E333-8FDC-42A3-9474-1A3956D46DE8}") = "Solution Itens", "Solution Itens", "{489CD646-22C5-47F7-84E2-939BD1A47BBC}"
	ProjectSection(SolutionItems) = preProject
		global.json = global.json
	EndProjectSection
EndProject
Project("{2150E333-8FDC-42A3-9474-1A3956D46DE8}") = "Library", "Library", "{5D8287F3-B4F8-40DB-9E27-9EF655219EEC}"
EndProject
Project("{FAE04EC0-301F-11D3-BF4B-00C04F79EFBC}") = "CustomLibrary", "CustomLibrary\CustomLibrary.csproj", "{55C03AB0-FD81-48C8-B011-6E94253F574B}"
EndProject
Global
	GlobalSection(SolutionConfigurationPlatforms) = preSolution
		Debug|Any CPU = Debug|Any CPU
		Release|Any CPU = Release|Any CPU
	EndGlobalSection
	GlobalSection(ProjectConfigurationPlatforms) = postSolution
		{3F7EBE00-AC16-4C77-A571-943AF22C22AF}.Debug|Any CPU.ActiveCfg = Debug|Any CPU
		{3F7EBE00-AC16-4C77-A571-943AF22C22AF}.Debug|Any CPU.Build.0 = Debug|Any CPU
		{3F7EBE00-AC16-4C77-A571-943AF22C22AF}.Release|Any CPU.ActiveCfg = Release|Any CPU
		{3F7EBE00-AC16-4C77-A571-943AF22C22AF}.Release|Any CPU.Build.0 = Release|Any CPU
		{D8417B21-BA12-438F-811B-FD21E77E1A8B}.Debug|Any CPU.ActiveCfg = Debug|Any CPU
		{D8417B21-BA12-438F-811B-FD21E77E1A8B}.Debug|Any CPU.Build.0 = Debug|Any CPU
		{D8417B21-BA12-438F-811B-FD21E77E1A8B}.Release|Any CPU.ActiveCfg = Release|Any CPU
		{D8417B21-BA12-438F-811B-FD21E77E1A8B}.Release|Any CPU.Build.0 = Release|Any CPU
		{C7876E7D-4E81-4566-9B26-EEA9ED57DBC3}.Debug|Any CPU.ActiveCfg = Debug|Any CPU
		{C7876E7D-4E81-4566-9B26-EEA9ED57DBC3}.Debug|Any CPU.Build.0 = Debug|Any CPU
		{C7876E7D-4E81-4566-9B26-EEA9ED57DBC3}.Release|Any CPU.ActiveCfg = Release|Any CPU
		{C7876E7D-4E81-4566-9B26-EEA9ED57DBC3}.Release|Any CPU.Build.0 = Release|Any CPU
		{9DFAD8BB-9FD9-4E32-A59D-DF1BEB08F19D}.Debug|Any CPU.ActiveCfg = Debug|Any CPU
		{9DFAD8BB-9FD9-4E32-A59D-DF1BEB08F19D}.Debug|Any CPU.Build.0 = Debug|Any CPU
		{9DFAD8BB-9FD9-4E32-A59D-DF1BEB08F19D}.Release|Any CPU.ActiveCfg = Release|Any CPU
		{9DFAD8BB-9FD9-4E32-A59D-DF1BEB08F19D}.Release|Any CPU.Build.0 = Release|Any CPU
		{55C03AB0-FD81-48C8-B011-6E94253F574B}.Debug|Any CPU.ActiveCfg = Debug|Any CPU
		{55C03AB0-FD81-48C8-B011-6E94253F574B}.Debug|Any CPU.Build.0 = Debug|Any CPU
		{55C03AB0-FD81-48C8-B011-6E94253F574B}.Release|Any CPU.ActiveCfg = Release|Any CPU
		{55C03AB0-FD81-48C8-B011-6E94253F574B}.Release|Any CPU.Build.0 = Release|Any CPU
	EndGlobalSection
	GlobalSection(SolutionProperties) = preSolution
		HideSolutionNode = FALSE
	EndGlobalSection
	GlobalSection(NestedProjects) = preSolution
		{3F7EBE00-AC16-4C77-A571-943AF22C22AF} = {7E8CE3FF-6B44-4446-8491-34C793ACA5C9}
		{D8417B21-BA12-438F-811B-FD21E77E1A8B} = {9880C781-E1C5-4904-99D2-8DA018199B7E}
		{C7876E7D-4E81-4566-9B26-EEA9ED57DBC3} = {9880C781-E1C5-4904-99D2-8DA018199B7E}
		{9DFAD8BB-9FD9-4E32-A59D-DF1BEB08F19D} = {9880C781-E1C5-4904-99D2-8DA018199B7E}
		{55C03AB0-FD81-48C8-B011-6E94253F574B} = {5D8287F3-B4F8-40DB-9E27-9EF655219EEC}
	EndGlobalSection
	GlobalSection(ExtensibilityGlobals) = postSolution
		SolutionGuid = {4574CE48-A403-4F55-A192-245BCA7A4395}
	EndGlobalSection
EndGlobal
